
Microsoft Visual Studio Solution File, Format Version 12.00
# Visual Studio Version 17
VisualStudioVersion = 17.4.33103.184
MinimumVisualStudioVersion = 10.0.40219.1
Project("{9A19103F-16F7-4668-BE54-9A1E7A4F7556}") = "Exercicio2", "Exercicio2\Exercicio2.csproj", "{9AE33935-F971-463F-B849-361C6FB36928}"
EndProject
Project("{9A19103F-16F7-4668-BE54-9A1E7A4F7556}") = "Exercicio1", "Exercicio1\Exercicio1.csproj", "{F28D2D0B-3FD8-4447-ADF6-DF2D728D3B1C}"
EndProject
Project("{9A19103F-16F7-4668-BE54-9A1E7A4F7556}") = "Exercicio3", "Exercicio3\Exercicio3.csproj", "{96636DC4-90A5-4136-A9FE-40FCB773C967}"
EndProject
Project("{FAE04EC0-301F-11D3-BF4B-00C04F79EFBC}") = "ExcecoesLib", "ExcecoesLib\ExcecoesLib.csproj", "{0FEBC613-FAC7-4556-BBB8-64A3D560B910}"
EndProject
Global
	GlobalSection(SolutionConfigurationPlatforms) = preSolution
		Debug|Any CPU = Debug|Any CPU
		Release|Any CPU = Release|Any CPU
	EndGlobalSection
	GlobalSection(ProjectConfigurationPlatforms) = postSolution
		{9AE33935-F971-463F-B849-361C6FB36928}.Debug|Any CPU.ActiveCfg = Debug|Any CPU
		{9AE33935-F971-463F-B849-361C6FB36928}.Debug|Any CPU.Build.0 = Debug|Any CPU
		{9AE33935-F971-463F-B849-361C6FB36928}.Release|Any CPU.ActiveCfg = Release|Any CPU
		{9AE33935-F971-463F-B849-361C6FB36928}.Release|Any CPU.Build.0 = Release|Any CPU
		{F28D2D0B-3FD8-4447-ADF6-DF2D728D3B1C}.Debug|Any CPU.ActiveCfg = Debug|Any CPU
		{F28D2D0B-3FD8-4447-ADF6-DF2D728D3B1C}.Debug|Any CPU.Build.0 = Debug|Any CPU
		{F28D2D0B-3FD8-4447-ADF6-DF2D728D3B1C}.Release|Any CPU.ActiveCfg = Release|Any CPU
		{F28D2D0B-3FD8-4447-ADF6-DF2D728D3B1C}.Release|Any CPU.Build.0 = Release|Any CPU
		{96636DC4-90A5-4136-A9FE-40FCB773C967}.Debug|Any CPU.ActiveCfg = Debug|Any CPU
		{96636DC4-90A5-4136-A9FE-40FCB773C967}.Debug|Any CPU.Build.0 = Debug|Any CPU
		{96636DC4-90A5-4136-A9FE-40FCB773C967}.Release|Any CPU.ActiveCfg = Release|Any CPU
		{96636DC4-90A5-4136-A9FE-40FCB773C967}.Release|Any CPU.Build.0 = Release|Any CPU
		{0FEBC613-FAC7-4556-BBB8-64A3D560B910}.Debug|Any CPU.ActiveCfg = Debug|Any CPU
		{0FEBC613-FAC7-4556-BBB8-64A3D560B910}.Debug|Any CPU.Build.0 = Debug|Any CPU
		{0FEBC613-FAC7-4556-BBB8-64A3D560B910}.Release|Any CPU.ActiveCfg = Release|Any CPU
		{0FEBC613-FAC7-4556-BBB8-64A3D560B910}.Release|Any CPU.Build.0 = Release|Any CPU
	EndGlobalSection
	GlobalSection(SolutionProperties) = preSolution
		HideSolutionNode = FALSE
	EndGlobalSection
	GlobalSection(ExtensibilityGlobals) = postSolution
		SolutionGuid = {D843269E-F42D-4A10-A543-34A2EB6F35B6}
	EndGlobalSection
EndGlobal
